
Microsoft Visual Studio Solution File, Format Version 12.00
# Visual Studio Version 17
VisualStudioVersion = 17.1.32319.34
MinimumVisualStudioVersion = 10.0.40219.1
Project("{9A19103F-16F7-4668-BE54-9A1E7A4F7556}") = "FilesLesson", "FilesLesson.csproj", "{34F4E75E-A768-40B9-924C-D96D6CAEB04C}"
EndProject
Global
	GlobalSection(SolutionConfigurationPlatforms) = preSolution
		Debug|Any CPU = Debug|Any CPU
		Release|Any CPU = Release|Any CPU
	EndGlobalSection
	GlobalSection(ProjectConfigurationPlatforms) = postSolution
		{34F4E75E-A768-40B9-924C-D96D6CAEB04C}.Debug|Any CPU.ActiveCfg = Debug|Any CPU
		{34F4E75E-A768-40B9-924C-D96D6CAEB04C}.Debug|Any CPU.Build.0 = Debug|Any CPU
		{34F4E75E-A768-40B9-924C-D96D6CAEB04C}.Release|Any CPU.ActiveCfg = Release|Any CPU
		{34F4E75E-A768-40B9-924C-D96D6CAEB04C}.Release|Any CPU.Build.0 = Release|Any CPU
	EndGlobalSection
	GlobalSection(SolutionProperties) = preSolution
		HideSolutionNode = FALSE
	EndGlobalSection
	GlobalSection(ExtensibilityGlobals) = postSolution
		SolutionGuid = {6B04EB4F-D3D2-49A0-B15D-2569726BB9D9}
	EndGlobalSection
EndGlobal
